<?xml version="1.0" encoding="utf-8"?>
<Project ToolsVersion="4.0" xmlns="http://schemas.microsoft.com/developer/msbuild/2003">
  <ItemGroup>
    <Filter Include="Source Files">
      <UniqueIdentifier>{4FC737F1-C7A5-4376-A066-2A32D752A2FF}</UniqueIdentifier>
      <Extensions>cpp;c;cc;cxx;def;odl;idl;hpj;bat;asm;asmx</Extensions>
    </Filter>
    <Filter Include="Header Files">
      <UniqueIdentifier>{93995380-89BD-4b04-88EB-625FBE52EBFB}</UniqueIdentifier>
      <Extensions>h;hh;hpp;hxx;hm;inl;inc;xsd</Extensions>
    </Filter>
    <Filter Include="Resource Files">
      <UniqueIdentifier>{67DA6AB6-F800-4c08-8B7A-83BB121AAD01}</UniqueIdentifier>
      <Extensions>qrc;rc;ico;cur;bmp;dlg;rc2;rct;bin;rgs;gif;jpg;jpeg;jpe;resx;tiff;tif;png;wav;mfcribbon-ms</Extensions>
    </Filter>
    <Filter Include="Form Files">
      <UniqueIdentifier>{99349809-55BA-4b9d-BF79-8FDBB0286EB3}</UniqueIdentifier>
      <Extensions>ui</Extensions>
    </Filter>
    <Filter Include="Translation Files">
      <UniqueIdentifier>{639EADAA-A684-42e4-A9AD-28FC9BCB8F7C}</UniqueIdentifier>
      <Extensions>ts</Extensions>
    </Filter>
  </ItemGroup>
  <ItemGroup>
    <QtRcc Include="GymAppQt.qrc">
      <Filter>Resource Files</Filter>
    </QtRcc>
    <QtUic Include="GymAppQt.ui">
      <Filter>Form Files</Filter>
    </QtUic>
    <QtMoc Include="GymAppQt.h">
      <Filter>Header Files</Filter>
    </QtMoc>
    <ClCompile Include="GymAppQt.cpp">
      <Filter>Source Files</Filter>
    </ClCompile>
    <ClInclude Include="stdafx.h">
      <Filter>Header Files</Filter>
    </ClInclude>
    <ClCompile Include="stdafx.cpp">
      <Filter>Source Files</Filter>
    </ClCompile>
  </ItemGroup>
  <ItemGroup>
    <ClCompile Include="main.cpp">
      <Filter>Source Files</Filter>
    </ClCompile>
    <ClCompile Include="jsoncpp.cpp">
      <Filter>Source Files</Filter>
    </ClCompile>
    <ClCompile Include="Admin_win.cpp">
      <Filter>Source Files</Filter>
    </ClCompile>
    <ClCompile Include="Database_manager.cpp">
      <Filter>Source Files</Filter>
    </ClCompile>
    <ClCompile Include="Member_win.cpp">
      <Filter>Source Files</Filter>
    </ClCompile>
    <ClCompile Include="Res_session.cpp">
      <Filter>Source Files</Filter>
    </ClCompile>
    <ClCompile Include="Member_registration.cpp">
      <Filter>Source Files</Filter>
    </ClCompile>
    <ClCompile Include="Trainer_win.cpp">
      <Filter>Source Files</Filter>
    </ClCompile>
    <ClCompile Include="Update_member_win.cpp">
      <Filter>Source Files</Filter>
    </ClCompile>
    <ClCompile Include="Member_win_controller.cpp">
      <Filter>Source Files</Filter>
    </ClCompile>
    <ClCompile Include="Main_controller.cpp">
      <Filter>Source Files</Filter>
    </ClCompile>
    <ClCompile Include="special_program_window.cpp">
      <Filter>Source Files</Filter>
    </ClCompile>
    <ClCompile Include="Password_change_window.cpp">
      <Filter>Source Files</Filter>
    </ClCompile>
    <ClCompile Include="Program_selection_window.cpp">
      <Filter>Source Files</Filter>
    </ClCompile>
    <ClCompile Include="Trainer_registration_controller.cpp">
      <Filter>Source Files</Filter>
    </ClCompile>
    <ClCompile Include="Trainer_registration_window.cpp">
      <Filter>Source Files</Filter>
    </ClCompile>
  </ItemGroup>
  <ItemGroup>
    <ClInclude Include="dist\json\json.h">
      <Filter>Header Files</Filter>
    </ClInclude>
    <ClInclude Include="dist\json\json-forwards.h">
      <Filter>Header Files</Filter>
    </ClInclude>
    <ClInclude Include="DB.h">
      <Filter>Header Files</Filter>
    </ClInclude>
    <ClInclude Include="Member.h">
      <Filter>Header Files</Filter>
    </ClInclude>
    <ClInclude Include="Trainer.h">
      <Filter>Header Files</Filter>
    </ClInclude>
    <ClInclude Include="Admin.h">
      <Filter>Header Files</Filter>
    </ClInclude>
    <ClInclude Include="User.h">
      <Filter>Header Files</Filter>
    </ClInclude>
    <ClInclude Include="Member_win_controller.h">
      <Filter>Header Files</Filter>
    </ClInclude>
    <ClInclude Include="Trainer_win_controller.h">
      <Filter>Header Files</Filter>
    </ClInclude>
    <ClInclude Include="Admin_controller.h">
      <Filter>Header Files</Filter>
    </ClInclude>
    <ClInclude Include="Main_controller.h">
      <Filter>Header Files</Filter>
    </ClInclude>
    <ClInclude Include="Database_manager.h">
      <Filter>Header Files</Filter>
    </ClInclude>
    <ClInclude Include="Member_registration_controller.h">
      <Filter>Header Files</Filter>
    </ClInclude>
    <ClInclude Include="special_program_controller.h">
      <Filter>Header Files</Filter>
    </ClInclude>
    <ClInclude Include="Constants.h">
      <Filter>Header Files</Filter>
    </ClInclude>
    <ClInclude Include="Base_reservation_controller.h">
      <Filter>Header Files</Filter>
    </ClInclude>
    <ClInclude Include="Session.h">
      <Filter>Header Files</Filter>
    </ClInclude>
    <ClInclude Include="User_controller.h">
      <Filter>Header Files</Filter>
    </ClInclude>
    <ClInclude Include="Validator.h">
      <Filter>Header Files</Filter>
    </ClInclude>
    <ClInclude Include="Loggable.h">
      <Filter>Header Files</Filter>
    </ClInclude>
    <ClInclude Include="Csv_creator_controller.h">
      <Filter>Header Files</Filter>
    </ClInclude>
    <ClInclude Include="Trainer_registration_controller.h">
      <Filter>Header Files</Filter>
    </ClInclude>
    <ClInclude Include="Workout_program.h">
      <Filter>Header Files</Filter>
    </ClInclude>
  </ItemGroup>
  <ItemGroup>
    <None Include="cpp.hint" />
  </ItemGroup>
  <ItemGroup>
    <QtMoc Include="Admin_win.h">
      <Filter>Header Files</Filter>
    </QtMoc>
    <QtMoc Include="Member_win.h">
      <Filter>Header Files</Filter>
    </QtMoc>
    <QtMoc Include="Res_session.h">
      <Filter>Header Files</Filter>
    </QtMoc>
    <QtMoc Include="Member_registration.h">
      <Filter>Header Files</Filter>
    </QtMoc>
    <QtMoc Include="Trainer_win.h">
      <Filter>Header Files</Filter>
    </QtMoc>
    <QtMoc Include="Update_member_win.h">
      <Filter>Header Files</Filter>
    </QtMoc>
    <QtMoc Include="special_program_window.h">
      <Filter>Header Files</Filter>
    </QtMoc>
    <QtMoc Include="Password_change_window.h">
      <Filter>Header Files</Filter>
    </QtMoc>
    <QtMoc Include="Program_selection_window.h">
      <Filter>Header Files</Filter>
    </QtMoc>
    <QtMoc Include="Trainer_registration_window.h">
      <Filter>Header Files</Filter>
    </QtMoc>
  </ItemGroup>
  <ItemGroup>
    <QtUic Include="Admin_win.ui">
      <Filter>Form Files</Filter>
    </QtUic>
    <QtUic Include="Member_win.ui">
      <Filter>Form Files</Filter>
    </QtUic>
    <QtUic Include="Res_session.ui">
      <Filter>Form Files</Filter>
    </QtUic>
    <QtUic Include="Member_registration.ui">
      <Filter>Form Files</Filter>
    </QtUic>
    <QtUic Include="Trainer_win.ui">
      <Filter>Form Files</Filter>
    </QtUic>
    <QtUic Include="Update_member_win.ui">
      <Filter>Form Files</Filter>
    </QtUic>
    <QtUic Include="special_program_window.ui">
      <Filter>Form Files</Filter>
    </QtUic>
    <QtUic Include="Password_change_window.ui">
      <Filter>Form Files</Filter>
    </QtUic>
    <QtUic Include="Program_selection_window.ui">
      <Filter>Form Files</Filter>
    </QtUic>
    <QtUic Include="Trainer_registration_window.ui">
      <Filter>Form Files</Filter>
    </QtUic>
  </ItemGroup>
</Project>